
Microsoft Visual Studio Solution File, Format Version 12.00
# Visual Studio Version 16
VisualStudioVersion = 16.0.30320.27
MinimumVisualStudioVersion = 10.0.40219.1
Project("{FAE04EC0-301F-11D3-BF4B-00C04F79EFBC}") = "R2-D20", "R2-D20.csproj", "{553B4021-EE4D-452D-AC2A-669EE049CB00}"
EndProject
Global
	GlobalSection(SolutionConfigurationPlatforms) = preSolution
		Debug|Any CPU = Debug|Any CPU
		Release|Any CPU = Release|Any CPU
	EndGlobalSection
	GlobalSection(ProjectConfigurationPlatforms) = postSolution
		{553B4021-EE4D-452D-AC2A-669EE049CB00}.Debug|Any CPU.ActiveCfg = Debug|Any CPU
		{553B4021-EE4D-452D-AC2A-669EE049CB00}.Debug|Any CPU.Build.0 = Debug|Any CPU
		{553B4021-EE4D-452D-AC2A-669EE049CB00}.Release|Any CPU.ActiveCfg = Release|Any CPU
		{553B4021-EE4D-452D-AC2A-669EE049CB00}.Release|Any CPU.Build.0 = Release|Any CPU
	EndGlobalSection
	GlobalSection(SolutionProperties) = preSolution
		HideSolutionNode = FALSE
	EndGlobalSection
	GlobalSection(ExtensibilityGlobals) = postSolution
		SolutionGuid = {18B6A4E2-7AE1-49C3-88C2-4263A41C681D}
	EndGlobalSection
EndGlobal
